
Microsoft Visual Studio Solution File, Format Version 12.00
# Visual Studio Version 17
VisualStudioVersion = 17.3.32804.467
MinimumVisualStudioVersion = 10.0.40219.1
Project("{9A19103F-16F7-4668-BE54-9A1E7A4F7556}") = "Automation.ResolumeCompositionSwitcher.Core", "Automation.ResolumeCompositionSwitcher.Core\Automation.ResolumeCompositionSwitcher.Core.csproj", "{24CA3DAB-74A3-4582-A80F-BFBF26A0124E}"
EndProject
Project("{FAE04EC0-301F-11D3-BF4B-00C04F79EFBC}") = "Automation.ResolumeCompositionSwitcher.WinForms", "Automation.ResolumeCompositionSwitcher.WinForms\Automation.ResolumeCompositionSwitcher.WinForms.csproj", "{CA74F1AE-9DC3-4F10-96D8-3A12DD4A933A}"
EndProject
Global
	GlobalSection(SolutionConfigurationPlatforms) = preSolution
		Debug|Any CPU = Debug|Any CPU
		Release|Any CPU = Release|Any CPU
	EndGlobalSection
	GlobalSection(ProjectConfigurationPlatforms) = postSolution
		{24CA3DAB-74A3-4582-A80F-BFBF26A0124E}.Debug|Any CPU.ActiveCfg = Debug|Any CPU
		{24CA3DAB-74A3-4582-A80F-BFBF26A0124E}.Debug|Any CPU.Build.0 = Debug|Any CPU
		{24CA3DAB-74A3-4582-A80F-BFBF26A0124E}.Release|Any CPU.ActiveCfg = Release|Any CPU
		{24CA3DAB-74A3-4582-A80F-BFBF26A0124E}.Release|Any CPU.Build.0 = Release|Any CPU
		{CA74F1AE-9DC3-4F10-96D8-3A12DD4A933A}.Debug|Any CPU.ActiveCfg = Debug|Any CPU
		{CA74F1AE-9DC3-4F10-96D8-3A12DD4A933A}.Debug|Any CPU.Build.0 = Debug|Any CPU
		{CA74F1AE-9DC3-4F10-96D8-3A12DD4A933A}.Release|Any CPU.ActiveCfg = Release|Any CPU
		{CA74F1AE-9DC3-4F10-96D8-3A12DD4A933A}.Release|Any CPU.Build.0 = Release|Any CPU
	EndGlobalSection
	GlobalSection(SolutionProperties) = preSolution
		HideSolutionNode = FALSE
	EndGlobalSection
	GlobalSection(ExtensibilityGlobals) = postSolution
		SolutionGuid = {72F411D2-90AE-4E6C-8597-6FEFE0B0AE47}
	EndGlobalSection
EndGlobal
